
Microsoft Visual Studio Solution File, Format Version 12.00
# Visual Studio 2013
VisualStudioVersion = 12.0.21005.1
MinimumVisualStudioVersion = 10.0.40219.1
Project("{FAE04EC0-301F-11D3-BF4B-00C04F79EFBC}") = "ProbabilityCalc", "ProbabilityCalc\ProbabilityCalc.csproj", "{DE02CD5C-1F71-4F57-9636-9E52CA2B7486}"
EndProject
Global
	GlobalSection(SolutionConfigurationPlatforms) = preSolution
		Debug|Any CPU = Debug|Any CPU
		Release|Any CPU = Release|Any CPU
	EndGlobalSection
	GlobalSection(ProjectConfigurationPlatforms) = postSolution
		{DE02CD5C-1F71-4F57-9636-9E52CA2B7486}.Debug|Any CPU.ActiveCfg = Debug|Any CPU
		{DE02CD5C-1F71-4F57-9636-9E52CA2B7486}.Debug|Any CPU.Build.0 = Debug|Any CPU
		{DE02CD5C-1F71-4F57-9636-9E52CA2B7486}.Release|Any CPU.ActiveCfg = Release|Any CPU
		{DE02CD5C-1F71-4F57-9636-9E52CA2B7486}.Release|Any CPU.Build.0 = Release|Any CPU
	EndGlobalSection
	GlobalSection(SolutionProperties) = preSolution
		HideSolutionNode = FALSE
	EndGlobalSection
EndGlobal
